dependencies:
  idf:
    component_hash: null
    source:
      type: idf
    version: 5.2.1
  protocol_examples_common:
    component_hash: null
    source:
      path: /home/dylan/esp/v5.2.1/esp-idf/examples/common_components/protocol_examples_common
      type: local
    version: '*'
manifest_hash: 77a7b5f456ed3ee8826cb4236e3c85559cde017f69fe303fc762e26efe003a5d
target: esp32s3
version: 1.0.0
